<?xml version="1.0" encoding="utf-8"?>
<Project ToolsVersion="4.0" xmlns="http://schemas.microsoft.com/developer/msbuild/2003">
  <ItemGroup>
    <Filter Include="Archivos de origen">
      <UniqueIdentifier>{4FC737F1-C7A5-4376-A066-2A32D752A2FF}</UniqueIdentifier>
      <Extensions>cpp;c;cc;cxx;c++;cppm;ixx;def;odl;idl;hpj;bat;asm;asmx</Extensions>
    </Filter>
    <Filter Include="Archivos de encabezado">
      <UniqueIdentifier>{93995380-89BD-4b04-88EB-625FBE52EBFB}</UniqueIdentifier>
      <Extensions>h;hh;hpp;hxx;h++;hm;inl;inc;ipp;xsd</Extensions>
    </Filter>
    <Filter Include="Archivos de recursos">
      <UniqueIdentifier>{67DA6AB6-F800-4c08-8B7A-83BB121AAD01}</UniqueIdentifier>
      <Extensions>rc;ico;cur;bmp;dlg;rc2;rct;bin;rgs;gif;jpg;jpeg;jpe;resx;tiff;tif;png;wav;mfcribbon-ms</Extensions>
    </Filter>
    <Filter Include="Archivos de implementación">
      <UniqueIdentifier>{96aeab70-c2da-4c03-b20f-75e5e1ae5ac1}</UniqueIdentifier>
    </Filter>
    <Filter Include="Archivos de implementación\gráficos">
      <UniqueIdentifier>{d9d3a0f0-d9df-4b80-9737-fdd82dae94ce}</UniqueIdentifier>
    </Filter>
    <Filter Include="Archivos de implementación\audio">
      <UniqueIdentifier>{c972972b-d1ca-4303-bcf0-8e9fda7d6187}</UniqueIdentifier>
    </Filter>
  </ItemGroup>
</Project>